<Solution>
  <Project Path="Agent.GitHub/Agent.GitHub.csproj" />
  <Project Path="Library/Library.csproj" />
  <Project Path="DeveloperAgent/DeveloperAgent.csproj" />
  <Project Path="AppHost/AppHost.csproj" />
  <Project Path="ServiceDefaults/ServiceDefaults.csproj" />
  <Project Path="../tests/Agent.GitHub.Tests/Agent.GitHub.Tests.csproj" />
  <Project Path="../tests/DeveloperAgent.Tests/DeveloperAgent.Tests.csproj" />
</Solution>
